
Microsoft Visual Studio Solution File, Format Version 11.00
# Visual Studio 2010
Project("{8BC9CEB8-8B4A-11D0-8D11-00A0C91BC942}") = "08lab", "08lab\08lab.vcxproj", "{9365F411-497F-4111-8B3A-9049B146B94D}"
EndProject
Global
	GlobalSection(SolutionConfigurationPlatforms) = preSolution
		Debug|Win32 = Debug|Win32
		Release|Win32 = Release|Win32
	EndGlobalSection
	GlobalSection(ProjectConfigurationPlatforms) = postSolution
		{9365F411-497F-4111-8B3A-9049B146B94D}.Debug|Win32.ActiveCfg = Debug|Win32
		{9365F411-497F-4111-8B3A-9049B146B94D}.Debug|Win32.Build.0 = Debug|Win32
		{9365F411-497F-4111-8B3A-9049B146B94D}.Release|Win32.ActiveCfg = Release|Win32
		{9365F411-497F-4111-8B3A-9049B146B94D}.Release|Win32.Build.0 = Release|Win32
	EndGlobalSection
	GlobalSection(SolutionProperties) = preSolution
		HideSolutionNode = FALSE
	EndGlobalSection
EndGlobal
